
Microsoft Visual Studio Solution File, Format Version 12.00
# Visual Studio Version 17
VisualStudioVersion = 17.8.34330.188
MinimumVisualStudioVersion = 10.0.40219.1
Project("{FAE04EC0-301F-11D3-BF4B-00C04F79EFBC}") = "AesKeyGenClientSevrice", "AesKeyGenClientSevrice.csproj", "{BECEAB2D-3ECD-448D-B149-79C36AE44514}"
EndProject
Global
	GlobalSection(SolutionConfigurationPlatforms) = preSolution
		Debug|Any CPU = Debug|Any CPU
		Release|Any CPU = Release|Any CPU
	EndGlobalSection
	GlobalSection(ProjectConfigurationPlatforms) = postSolution
		{BECEAB2D-3ECD-448D-B149-79C36AE44514}.Debug|Any CPU.ActiveCfg = Debug|Any CPU
		{BECEAB2D-3ECD-448D-B149-79C36AE44514}.Debug|Any CPU.Build.0 = Debug|Any CPU
		{BECEAB2D-3ECD-448D-B149-79C36AE44514}.Release|Any CPU.ActiveCfg = Release|Any CPU
		{BECEAB2D-3ECD-448D-B149-79C36AE44514}.Release|Any CPU.Build.0 = Release|Any CPU
	EndGlobalSection
	GlobalSection(SolutionProperties) = preSolution
		HideSolutionNode = FALSE
	EndGlobalSection
	GlobalSection(ExtensibilityGlobals) = postSolution
		SolutionGuid = {5E84F97A-865D-4B02-9ACA-E026303B48E7}
	EndGlobalSection
EndGlobal
